schema: '2.0'
stages:
  data_preprocess:
    cmd: python src/data/data_preprocess.py
    deps:
    - path: src/data/data_preprocess.py
      hash: md5
      md5: 15d258c090b7d7fa952805f773e5745e
      size: 5474
    params:
      params.yaml:
        data_preprocess.random_state: 30
        data_preprocess.test_size: 0.2
    outs:
    - path: data/raw
      hash: md5
      md5: 4d515c18f9658478b420203b8e92a37e.dir
      size: 827973
      nfiles: 2
  make_dataset:
    cmd: python src/data/make_dataset.py
    deps:
    - path: data/raw/test.csv
      hash: md5
      md5: 326d375a8a5ee8ba3bc9cb0d81d8635d
      size: 166888
    - path: data/raw/train.csv
      hash: md5
      md5: b17d2fac6875311dcddbaf279cc7574d
      size: 661085
    - path: src/data/make_dataset.py
      hash: md5
      md5: 3848ffcf81ec49537d3f78ef9baaf506
      size: 3524
    outs:
    - path: data/processed
      hash: md5
      md5: 616d15759a9cb17c4ce466d87967803a.dir
      size: 615862
      nfiles: 2
  build_features:
    cmd: python src/features/build_features.py
    deps:
    - path: data/processed/test_processed.csv
      hash: md5
      md5: 4457ca45100c9812f08315a3003453af
      size: 123881
    - path: data/processed/train_processed.csv
      hash: md5
      md5: 3799e7b118bb6bf4567fdb87d2442225
      size: 491981
    - path: src/features/build_features.py
      hash: md5
      md5: 1a124a7804c281f5eceecb4b0d7e5a39
      size: 8488
    params:
      params.yaml:
        build_features.max_features: 2000
    outs:
    - path: data/feature
      hash: md5
      md5: 714f901e7a5096f9a88743b2db9db871.dir
      size: 84075659
      nfiles: 3
  model_building:
    cmd: python src/models/model_building.py
    deps:
    - path: data/feature/train_tfidf.csv
      hash: md5
      md5: a76e96c8ac26ca40b1f5be2c29d24c49
      size: 67200595
    - path: src/models/model_building.py
      hash: md5
      md5: a2a1e99bcfaad1f4969244b6aca5b1fc
      size: 6714
    params:
      params.yaml:
        model_building.learning_rate: 0.2
        model_building.n_estimators: 500
    outs:
    - path: models/model.pkl
      hash: md5
      md5: 93ef998b9918109184833d2e51fb409a
      size: 1230886
  model_evaluation:
    cmd: python -m src.models.model_evaluation
    deps:
    - path: data/feature/test_tfidf.csv
      hash: md5
      md5: b0441c36a8d2cd716b99d05e98999665
      size: 16803835
    - path: models/model.pkl
      hash: md5
      md5: 93ef998b9918109184833d2e51fb409a
      size: 1230886
    - path: src/models/model_evaluation.py
      hash: md5
      md5: 40c52614018c67b463e7ef4a0e9ab72d
      size: 7186
    outs:
    - path: metrics.json
      hash: md5
      md5: 3dbd063e7f8e61dfc444c5627c3a0ac0
      size: 126
    - path: reports/confusion_matrix.npy
      hash: md5
      md5: 78be6dba8376b8d5b79fadbbd6b84526
      size: 160
  visualize:
    cmd: python -m src.visualization.visualize
    deps:
    - path: reports/confusion_matrix.npy
      hash: md5
      md5: 78be6dba8376b8d5b79fadbbd6b84526
      size: 160
    - path: src/visualization/visualize.py
      hash: md5
      md5: 1182aeb813e0a99f1a88e5e63b45b953
      size: 849
    outs:
    - path: reports/figures/confusion_matrix.png
      hash: md5
      md5: 741d1ab87b12d1965d46248ddad0821d
      size: 15706
